# THIS IS AN AUTOGENERATED FILE. DO NOT EDIT THIS FILE DIRECTLY.
# yarn lockfile v1


"@toby.mosque/utils@^1.0.2-beta.1":
  version "1.0.2-beta.1"
  resolved "https://registry.yarnpkg.com/@toby.mosque/utils/-/utils-1.0.2-beta.1.tgz#71bfffab9465bf7029a93caf88d8e25844671248"
  integrity sha512-WZZDmXcTKtbL1CtD0jhEAZHx1N1dh24ksX9rVEwJFSaucfXnuMiOPfpdm5SqI/jKPjEwa8Uoxq7NTPn37VYZyQ==
